[[package]]
name = "click"
version = "7.1.2"
description = "Composable command line interface toolkit"
category = "main"
optional = false
python-versions = ">=2.7, !=3.0.*, !=3.1.*, !=3.2.*, !=3.3.*, !=3.4.*"

[[package]]
name = "colorama"
version = "0.4.4"
description = "Cross-platform colored terminal text."
category = "main"
optional = false
python-versions = ">=2.7, !=3.0.*, !=3.1.*, !=3.2.*, !=3.3.*, !=3.4.*"

[[package]]
name = "commonmark"
version = "0.9.1"
description = "Python parser for the CommonMark Markdown spec"
category = "main"
optional = false
python-versions = "*"

[package.extras]
test = ["flake8 (==3.7.8)", "hypothesis (==3.55.3)"]

[[package]]
name = "dataclasses"
version = "0.8"
description = "A backport of the dataclasses module for Python 3.6"
category = "main"
optional = false
python-versions = ">=3.6, <3.7"

[[package]]
name = "langdetect"
version = "1.0.8"
description = "Language detection library ported from Google's language-detection."
category = "main"
optional = false
python-versions = "*"

[package.dependencies]
six = "*"

[[package]]
name = "name-that-hash"
version = "1.8.0"
description = "The Modern Hash Identification System"
category = "main"
optional = false
python-versions = ">=3.6,<4.0"

[package.dependencies]
click = ">=7.1.2,<8.0.0"
rich = ">=9.9,<11.0"

[[package]]
name = "pygments"
version = "2.8.1"
description = "Pygments is a syntax highlighting package written in Python."
category = "main"
optional = false
python-versions = ">=3.5"

[[package]]
name = "pyyaml"
version = "5.4.1"
description = "YAML parser and emitter for Python"
category = "main"
optional = false
python-versions = ">=2.7, !=3.0.*, !=3.1.*, !=3.2.*, !=3.3.*, !=3.4.*, !=3.5.*"

[[package]]
name = "rich"
version = "10.1.0"
description = "Render rich text, tables, progress bars, syntax highlighting, markdown and more to the terminal"
category = "main"
optional = false
python-versions = ">=3.6,<4.0"

[package.dependencies]
colorama = ">=0.4.0,<0.5.0"
commonmark = ">=0.9.0,<0.10.0"
dataclasses = {version = ">=0.7,<0.9", markers = "python_version >= \"3.6\" and python_version < \"3.7\""}
pygments = ">=2.6.0,<3.0.0"
typing-extensions = ">=3.7.4,<4.0.0"

[package.extras]
jupyter = ["ipywidgets (>=7.5.1,<8.0.0)"]

[[package]]
name = "six"
version = "1.15.0"
description = "Python 2 and 3 compatibility utilities"
category = "main"
optional = false
python-versions = ">=2.7, !=3.0.*, !=3.1.*, !=3.2.*"

[[package]]
name = "typing-extensions"
version = "3.10.0.0"
description = "Backported and Experimental Type Hints for Python 3.5+"
category = "main"
optional = false
python-versions = "*"

[metadata]
lock-version = "1.1"
python-versions = "^3.6"
content-hash = "2bfdb411d96112b2ca5cf9960e64e922a37fe44eb090444229e95b2cdf1a1f88"

[metadata.files]
click = [
    {file = "click-7.1.2-py2.py3-none-any.whl", hash = "sha256:dacca89f4bfadd5de3d7489b7c8a566eee0d3676333fbb50030263894c38c0dc"},
    {file = "click-7.1.2.tar.gz", hash = "sha256:d2b5255c7c6349bc1bd1e59e08cd12acbbd63ce649f2588755783aa94dfb6b1a"},
]
colorama = [
    {file = "colorama-0.4.4-py2.py3-none-any.whl", hash = "sha256:9f47eda37229f68eee03b24b9748937c7dc3868f906e8ba69fbcbdd3bc5dc3e2"},
    {file = "colorama-0.4.4.tar.gz", hash = "sha256:5941b2b48a20143d2267e95b1c2a7603ce057ee39fd88e7329b0c292aa16869b"},
]
commonmark = [
    {file = "commonmark-0.9.1-py2.py3-none-any.whl", hash = "sha256:da2f38c92590f83de410ba1a3cbceafbc74fee9def35f9251ba9a971d6d66fd9"},
    {file = "commonmark-0.9.1.tar.gz", hash = "sha256:452f9dc859be7f06631ddcb328b6919c67984aca654e5fefb3914d54691aed60"},
]
dataclasses = [
    {file = "dataclasses-0.8-py3-none-any.whl", hash = "sha256:0201d89fa866f68c8ebd9d08ee6ff50c0b255f8ec63a71c16fda7af82bb887bf"},
    {file = "dataclasses-0.8.tar.gz", hash = "sha256:8479067f342acf957dc82ec415d355ab5edb7e7646b90dc6e2fd1d96ad084c97"},
]
langdetect = [
    {file = "langdetect-1.0.8-py2-none-any.whl", hash = "sha256:f37495e63607865e47deed08d78f7f8e58172658216ff954b2f14671bcd87740"},
    {file = "langdetect-1.0.8.tar.gz", hash = "sha256:363795ea005f1243c958e953245dac5d814fabdc025c9afa91588c5fa6b2fa83"},
]
name-that-hash = [
    {file = "name-that-hash-1.8.0.tar.gz", hash = "sha256:f1f11dce70e0baf7521245abb4eb3a1563dac637791369561c5daba1aeb7fc97"},
    {file = "name_that_hash-1.8.0-py3-none-any.whl", hash = "sha256:b3c1a0a1623649eac9fa2a149d0d277f244b46b4a533472eec53eedacde4dcb5"},
]
pygments = [
    {file = "Pygments-2.8.1-py3-none-any.whl", hash = "sha256:534ef71d539ae97d4c3a4cf7d6f110f214b0e687e92f9cb9d2a3b0d3101289c8"},
    {file = "Pygments-2.8.1.tar.gz", hash = "sha256:2656e1a6edcdabf4275f9a3640db59fd5de107d88e8663c5d4e9a0fa62f77f94"},
]
pyyaml = [
    {file = "PyYAML-5.4.1-cp27-cp27m-macosx_10_9_x86_64.whl", hash = "sha256:3b2b1824fe7112845700f815ff6a489360226a5609b96ec2190a45e62a9fc922"},
    {file = "PyYAML-5.4.1-cp27-cp27m-win32.whl", hash = "sha256:129def1b7c1bf22faffd67b8f3724645203b79d8f4cc81f674654d9902cb4393"},
    {file = "PyYAML-5.4.1-cp27-cp27m-win_amd64.whl", hash = "sha256:4465124ef1b18d9ace298060f4eccc64b0850899ac4ac53294547536533800c8"},
    {file = "PyYAML-5.4.1-cp27-cp27mu-manylinux1_x86_64.whl", hash = "sha256:bb4191dfc9306777bc594117aee052446b3fa88737cd13b7188d0e7aa8162185"},
    {file = "PyYAML-5.4.1-cp36-cp36m-macosx_10_9_x86_64.whl", hash = "sha256:6c78645d400265a062508ae399b60b8c167bf003db364ecb26dcab2bda048253"},
    {file = "PyYAML-5.4.1-cp36-cp36m-manylinux1_x86_64.whl", hash = "sha256:4e0583d24c881e14342eaf4ec5fbc97f934b999a6828693a99157fde912540cc"},
    {file = "PyYAML-5.4.1-cp36-cp36m-manylinux2014_aarch64.whl", hash = "sha256:72a01f726a9c7851ca9bfad6fd09ca4e090a023c00945ea05ba1638c09dc3347"},
    {file = "PyYAML-5.4.1-cp36-cp36m-manylinux2014_s390x.whl", hash = "sha256:895f61ef02e8fed38159bb70f7e100e00f471eae2bc838cd0f4ebb21e28f8541"},
    {file = "PyYAML-5.4.1-cp36-cp36m-win32.whl", hash = "sha256:3bd0e463264cf257d1ffd2e40223b197271046d09dadf73a0fe82b9c1fc385a5"},
    {file = "PyYAML-5.4.1-cp36-cp36m-win_amd64.whl", hash = "sha256:e4fac90784481d221a8e4b1162afa7c47ed953be40d31ab4629ae917510051df"},
    {file = "PyYAML-5.4.1-cp37-cp37m-macosx_10_9_x86_64.whl", hash = "sha256:5accb17103e43963b80e6f837831f38d314a0495500067cb25afab2e8d7a4018"},
    {file = "PyYAML-5.4.1-cp37-cp37m-manylinux1_x86_64.whl", hash = "sha256:e1d4970ea66be07ae37a3c2e48b5ec63f7ba6804bdddfdbd3cfd954d25a82e63"},
    {file = "PyYAML-5.4.1-cp37-cp37m-manylinux2014_aarch64.whl", hash = "sha256:cb333c16912324fd5f769fff6bc5de372e9e7a202247b48870bc251ed40239aa"},
    {file = "PyYAML-5.4.1-cp37-cp37m-manylinux2014_s390x.whl", hash = "sha256:fe69978f3f768926cfa37b867e3843918e012cf83f680806599ddce33c2c68b0"},
    {file = "PyYAML-5.4.1-cp37-cp37m-win32.whl", hash = "sha256:dd5de0646207f053eb0d6c74ae45ba98c3395a571a2891858e87df7c9b9bd51b"},
    {file = "PyYAML-5.4.1-cp37-cp37m-win_amd64.whl", hash = "sha256:08682f6b72c722394747bddaf0aa62277e02557c0fd1c42cb853016a38f8dedf"},
    {file = "PyYAML-5.4.1-cp38-cp38-macosx_10_9_x86_64.whl", hash = "sha256:d2d9808ea7b4af864f35ea216be506ecec180628aced0704e34aca0b040ffe46"},
    {file = "PyYAML-5.4.1-cp38-cp38-manylinux1_x86_64.whl", hash = "sha256:8c1be557ee92a20f184922c7b6424e8ab6691788e6d86137c5d93c1a6ec1b8fb"},
    {file = "PyYAML-5.4.1-cp38-cp38-manylinux2014_aarch64.whl", hash = "sha256:fd7f6999a8070df521b6384004ef42833b9bd62cfee11a09bda1079b4b704247"},
    {file = "PyYAML-5.4.1-cp38-cp38-manylinux2014_s390x.whl", hash = "sha256:bfb51918d4ff3d77c1c856a9699f8492c612cde32fd3bcd344af9be34999bfdc"},
    {file = "PyYAML-5.4.1-cp38-cp38-win32.whl", hash = "sha256:fa5ae20527d8e831e8230cbffd9f8fe952815b2b7dae6ffec25318803a7528fc"},
    {file = "PyYAML-5.4.1-cp38-cp38-win_amd64.whl", hash = "sha256:0f5f5786c0e09baddcd8b4b45f20a7b5d61a7e7e99846e3c799b05c7c53fa696"},
    {file = "PyYAML-5.4.1-cp39-cp39-macosx_10_9_x86_64.whl", hash = "sha256:294db365efa064d00b8d1ef65d8ea2c3426ac366c0c4368d930bf1c5fb497f77"},
    {file = "PyYAML-5.4.1-cp39-cp39-manylinux1_x86_64.whl", hash = "sha256:74c1485f7707cf707a7aef42ef6322b8f97921bd89be2ab6317fd782c2d53183"},
    {file = "PyYAML-5.4.1-cp39-cp39-manylinux2014_aarch64.whl", hash = "sha256:d483ad4e639292c90170eb6f7783ad19490e7a8defb3e46f97dfe4bacae89122"},
    {file = "PyYAML-5.4.1-cp39-cp39-manylinux2014_s390x.whl", hash = "sha256:fdc842473cd33f45ff6bce46aea678a54e3d21f1b61a7750ce3c498eedfe25d6"},
    {file = "PyYAML-5.4.1-cp39-cp39-win32.whl", hash = "sha256:49d4cdd9065b9b6e206d0595fee27a96b5dd22618e7520c33204a4a3239d5b10"},
    {file = "PyYAML-5.4.1-cp39-cp39-win_amd64.whl", hash = "sha256:c20cfa2d49991c8b4147af39859b167664f2ad4561704ee74c1de03318e898db"},
    {file = "PyYAML-5.4.1.tar.gz", hash = "sha256:607774cbba28732bfa802b54baa7484215f530991055bb562efbed5b2f20a45e"},
]
rich = [
    {file = "rich-10.1.0-py3-none-any.whl", hash = "sha256:60cd6d6ea697a1704f2057e791e3062b506b5c74a6e2ad2ced71eccb37557259"},
    {file = "rich-10.1.0.tar.gz", hash = "sha256:8f05431091601888c50341697cfc421dc398ce37b12bca0237388ef9c7e2c9e9"},
]
six = [
    {file = "six-1.15.0-py2.py3-none-any.whl", hash = "sha256:8b74bedcbbbaca38ff6d7491d76f2b06b3592611af620f8426e82dddb04a5ced"},
    {file = "six-1.15.0.tar.gz", hash = "sha256:30639c035cdb23534cd4aa2dd52c3bf48f06e5f4a941509c8bafd8ce11080259"},
]
typing-extensions = [
    {file = "typing_extensions-3.10.0.0-py2-none-any.whl", hash = "sha256:0ac0f89795dd19de6b97debb0c6af1c70987fd80a2d62d1958f7e56fcc31b497"},
    {file = "typing_extensions-3.10.0.0-py3-none-any.whl", hash = "sha256:779383f6086d90c99ae41cf0ff39aac8a7937a9283ce0a414e5dd782f4c94a84"},
    {file = "typing_extensions-3.10.0.0.tar.gz", hash = "sha256:50b6f157849174217d0656f99dc82fe932884fb250826c18350e159ec6cdf342"},
]
